
Microsoft Visual Studio Solution File, Format Version 12.00
# Visual Studio Version 17
VisualStudioVersion = 17.0.32112.339
MinimumVisualStudioVersion = 10.0.40219.1
Project("{FAE04EC0-301F-11D3-BF4B-00C04F79EFBC}") = "FileHider.Lib", "FileHider.Lib\FileHider.Lib.csproj", "{D947EC9B-84C7-48C8-8D2D-4FE2564EFAA9}"
EndProject
Project("{FAE04EC0-301F-11D3-BF4B-00C04F79EFBC}") = "FileHider.Tests", "FileHider.Tests\FileHider.Tests.csproj", "{5E30DDB9-B5ED-45A8-A65B-6D75941AB14A}"
EndProject
Project("{FAE04EC0-301F-11D3-BF4B-00C04F79EFBC}") = "FileHider", "FileHider\FileHider.csproj", "{5D340DB4-C1D9-9CFA-9FC1-B783A419E2A2}"
EndProject
Project("{FAE04EC0-301F-11D3-BF4B-00C04F79EFBC}") = "FileHider.Desktop", "FileHider.Desktop\FileHider.Desktop.csproj", "{450A58F8-00AD-C2AD-8D93-631E62932191}"
EndProject
Global
	GlobalSection(SolutionConfigurationPlatforms) = preSolution
		Debug|Any CPU = Debug|Any CPU
		Release|Any CPU = Release|Any CPU
	EndGlobalSection
	GlobalSection(ProjectConfigurationPlatforms) = postSolution
		{D947EC9B-84C7-48C8-8D2D-4FE2564EFAA9}.Debug|Any CPU.ActiveCfg = Debug|Any CPU
		{D947EC9B-84C7-48C8-8D2D-4FE2564EFAA9}.Debug|Any CPU.Build.0 = Debug|Any CPU
		{D947EC9B-84C7-48C8-8D2D-4FE2564EFAA9}.Release|Any CPU.ActiveCfg = Release|Any CPU
		{D947EC9B-84C7-48C8-8D2D-4FE2564EFAA9}.Release|Any CPU.Build.0 = Release|Any CPU
		{5E30DDB9-B5ED-45A8-A65B-6D75941AB14A}.Debug|Any CPU.ActiveCfg = Debug|Any CPU
		{5E30DDB9-B5ED-45A8-A65B-6D75941AB14A}.Debug|Any CPU.Build.0 = Debug|Any CPU
		{5E30DDB9-B5ED-45A8-A65B-6D75941AB14A}.Release|Any CPU.ActiveCfg = Release|Any CPU
		{5E30DDB9-B5ED-45A8-A65B-6D75941AB14A}.Release|Any CPU.Build.0 = Release|Any CPU
		{5D340DB4-C1D9-9CFA-9FC1-B783A419E2A2}.Debug|Any CPU.ActiveCfg = Debug|Any CPU
		{5D340DB4-C1D9-9CFA-9FC1-B783A419E2A2}.Debug|Any CPU.Build.0 = Debug|Any CPU
		{5D340DB4-C1D9-9CFA-9FC1-B783A419E2A2}.Release|Any CPU.ActiveCfg = Release|Any CPU
		{5D340DB4-C1D9-9CFA-9FC1-B783A419E2A2}.Release|Any CPU.Build.0 = Release|Any CPU
		{450A58F8-00AD-C2AD-8D93-631E62932191}.Debug|Any CPU.ActiveCfg = Debug|Any CPU
		{450A58F8-00AD-C2AD-8D93-631E62932191}.Debug|Any CPU.Build.0 = Debug|Any CPU
		{450A58F8-00AD-C2AD-8D93-631E62932191}.Release|Any CPU.ActiveCfg = Release|Any CPU
		{450A58F8-00AD-C2AD-8D93-631E62932191}.Release|Any CPU.Build.0 = Release|Any CPU
	EndGlobalSection
	GlobalSection(SolutionProperties) = preSolution
		HideSolutionNode = FALSE
	EndGlobalSection
	GlobalSection(ExtensibilityGlobals) = postSolution
		SolutionGuid = {E12FA776-B0B9-4623-8581-2B23808AC79A}
	EndGlobalSection
EndGlobal
